
Microsoft Visual Studio Solution File, Format Version 12.00
# Visual Studio Version 17
VisualStudioVersion = 17.0.31903.59
MinimumVisualStudioVersion = 10.0.40219.1
Project("{FAE04EC0-301F-11D3-BF4B-00C04F79EFBC}") = "Simplic.OxS.SDK", "Simplic.OxS.SDK\Simplic.OxS.SDK.csproj", "{786946B3-AF6F-4C6B-AC96-7CC4401C49A0}"
EndProject
Project("{FAE04EC0-301F-11D3-BF4B-00C04F79EFBC}") = "Simplic.OxS.SDK.CDN", "Simplic.OxS.SDK.CDN\Simplic.OxS.SDK.CDN.csproj", "{15DAB001-2F18-4E21-9AD0-056F30B6E3C1}"
EndProject
Project("{FAE04EC0-301F-11D3-BF4B-00C04F79EFBC}") = "Simplic.OxS.SDK.Document", "Simplic.OxS.SDK.Document\Simplic.OxS.SDK.Document.csproj", "{6922E6BE-1D66-46CA-BF52-78EFCF6B796C}"
EndProject
Project("{FAE04EC0-301F-11D3-BF4B-00C04F79EFBC}") = "Simplic.OxS.SDK.Logistics", "Simplic.OxS.SDK.Logistics\Simplic.OxS.SDK.Logistics.csproj", "{308D639F-5DC9-4D37-ABDB-86B3DE3BE131}"
EndProject
Global
	GlobalSection(SolutionConfigurationPlatforms) = preSolution
		Debug|Any CPU = Debug|Any CPU
		Release|Any CPU = Release|Any CPU
	EndGlobalSection
	GlobalSection(SolutionProperties) = preSolution
		HideSolutionNode = FALSE
	EndGlobalSection
	GlobalSection(ProjectConfigurationPlatforms) = postSolution
		{786946B3-AF6F-4C6B-AC96-7CC4401C49A0}.Debug|Any CPU.ActiveCfg = Debug|Any CPU
		{786946B3-AF6F-4C6B-AC96-7CC4401C49A0}.Debug|Any CPU.Build.0 = Debug|Any CPU
		{786946B3-AF6F-4C6B-AC96-7CC4401C49A0}.Release|Any CPU.ActiveCfg = Release|Any CPU
		{786946B3-AF6F-4C6B-AC96-7CC4401C49A0}.Release|Any CPU.Build.0 = Release|Any CPU
		{15DAB001-2F18-4E21-9AD0-056F30B6E3C1}.Debug|Any CPU.ActiveCfg = Debug|Any CPU
		{15DAB001-2F18-4E21-9AD0-056F30B6E3C1}.Debug|Any CPU.Build.0 = Debug|Any CPU
		{15DAB001-2F18-4E21-9AD0-056F30B6E3C1}.Release|Any CPU.ActiveCfg = Release|Any CPU
		{15DAB001-2F18-4E21-9AD0-056F30B6E3C1}.Release|Any CPU.Build.0 = Release|Any CPU
		{6922E6BE-1D66-46CA-BF52-78EFCF6B796C}.Debug|Any CPU.ActiveCfg = Debug|Any CPU
		{6922E6BE-1D66-46CA-BF52-78EFCF6B796C}.Debug|Any CPU.Build.0 = Debug|Any CPU
		{6922E6BE-1D66-46CA-BF52-78EFCF6B796C}.Release|Any CPU.ActiveCfg = Release|Any CPU
		{6922E6BE-1D66-46CA-BF52-78EFCF6B796C}.Release|Any CPU.Build.0 = Release|Any CPU
		{308D639F-5DC9-4D37-ABDB-86B3DE3BE131}.Debug|Any CPU.ActiveCfg = Debug|Any CPU
		{308D639F-5DC9-4D37-ABDB-86B3DE3BE131}.Debug|Any CPU.Build.0 = Debug|Any CPU
		{308D639F-5DC9-4D37-ABDB-86B3DE3BE131}.Release|Any CPU.ActiveCfg = Release|Any CPU
		{308D639F-5DC9-4D37-ABDB-86B3DE3BE131}.Release|Any CPU.Build.0 = Release|Any CPU
	EndGlobalSection
EndGlobal
