
Microsoft Visual Studio Solution File, Format Version 12.00
# Visual Studio Version 17
VisualStudioVersion = 17.0.31903.59
MinimumVisualStudioVersion = 10.0.40219.1
Project("{FAE04EC0-301F-11D3-BF4B-00C04F79EFBC}") = "Simplic.OxS.SDK", "Simplic.OxS.SDK\Simplic.OxS.SDK.csproj", "{BA917D2D-678A-4121-984A-0BAB49EF5D99}"
EndProject
Project("{FAE04EC0-301F-11D3-BF4B-00C04F79EFBC}") = "Simplic.OxS.SDK.Article", "Simplic.OxS.SDK.Article\Simplic.OxS.SDK.Article.csproj", "{ED8C2F3B-7632-4D33-9319-25955B54F5D6}"
EndProject
Project("{FAE04EC0-301F-11D3-BF4B-00C04F79EFBC}") = "Simplic.OxS.SDK.Auth", "Simplic.OxS.SDK.Auth\Simplic.OxS.SDK.Auth.csproj", "{75FA3913-64E2-4D64-B265-CB9AA255D3FC}"
EndProject
Project("{FAE04EC0-301F-11D3-BF4B-00C04F79EFBC}") = "Simplic.OxS.SDK.CDN", "Simplic.OxS.SDK.CDN\Simplic.OxS.SDK.CDN.csproj", "{8AA253B6-2787-41AC-93E0-886250AE39DD}"
EndProject
Project("{FAE04EC0-301F-11D3-BF4B-00C04F79EFBC}") = "Simplic.OxS.SDK.Construction.Site", "Simplic.OxS.SDK.Construction.Site\Simplic.OxS.SDK.Construction.Site.csproj", "{20AE6791-C418-4A4B-9158-CB823FA8C76A}"
EndProject
Project("{FAE04EC0-301F-11D3-BF4B-00C04F79EFBC}") = "Simplic.OxS.SDK.Contact", "Simplic.OxS.SDK.Contact\Simplic.OxS.SDK.Contact.csproj", "{7F3F4029-A025-4FD3-8A11-1328D69FC3A1}"
EndProject
Project("{FAE04EC0-301F-11D3-BF4B-00C04F79EFBC}") = "Simplic.OxS.SDK.Contract", "Simplic.OxS.SDK.Contract\Simplic.OxS.SDK.Contract.csproj", "{6F55A50B-EAA1-49C9-BCD0-DD651E9413C1}"
EndProject
Project("{FAE04EC0-301F-11D3-BF4B-00C04F79EFBC}") = "Simplic.OxS.SDK.DevOps", "Simplic.OxS.SDK.DevOps\Simplic.OxS.SDK.DevOps.csproj", "{4BC7BBF3-6D18-4FF9-9656-D166245AD008}"
EndProject
Project("{FAE04EC0-301F-11D3-BF4B-00C04F79EFBC}") = "Simplic.OxS.SDK.Document", "Simplic.OxS.SDK.Document\Simplic.OxS.SDK.Document.csproj", "{B97D802C-7EF3-404C-8BB0-F346BEBBD68B}"
EndProject
Project("{FAE04EC0-301F-11D3-BF4B-00C04F79EFBC}") = "Simplic.OxS.SDK.ERP", "Simplic.OxS.SDK.ERP\Simplic.OxS.SDK.ERP.csproj", "{85C98436-DC57-4B1D-9171-5EC894162795}"
EndProject
Project("{FAE04EC0-301F-11D3-BF4B-00C04F79EFBC}") = "Simplic.OxS.SDK.Geo", "Simplic.OxS.SDK.Geo\Simplic.OxS.SDK.Geo.csproj", "{8452146C-E11F-496C-B961-48FBE166C72A}"
EndProject
Project("{FAE04EC0-301F-11D3-BF4B-00C04F79EFBC}") = "Simplic.OxS.SDK.Logistics", "Simplic.OxS.SDK.Logistics\Simplic.OxS.SDK.Logistics.csproj", "{EE872501-B0E9-4061-971B-2926603CC19F}"
EndProject
Project("{FAE04EC0-301F-11D3-BF4B-00C04F79EFBC}") = "Simplic.OxS.SDK.Organization", "Simplic.OxS.SDK.Organization\Simplic.OxS.SDK.Organization.csproj", "{D215FEE0-B305-4996-AC0A-4D7984FD0424}"
EndProject
Project("{FAE04EC0-301F-11D3-BF4B-00C04F79EFBC}") = "Simplic.OxS.SDK.Storage.Management", "Simplic.OxS.SDK.Storage.Management\Simplic.OxS.SDK.Storage.Management.csproj", "{67BEE019-2E8B-4C7B-B3F1-4A3431664BAC}"
EndProject
Project("{FAE04EC0-301F-11D3-BF4B-00C04F79EFBC}") = "Simplic.OxS.SDK.TimeSlot", "Simplic.OxS.SDK.TimeSlot\Simplic.OxS.SDK.TimeSlot.csproj", "{0CEBC372-F3B5-4212-B323-9620FBD378C3}"
EndProject
Project("{FAE04EC0-301F-11D3-BF4B-00C04F79EFBC}") = "Simplic.OxS.SDK.Telematic", "Simplic.OxS.SDK.Telematic\Simplic.OxS.SDK.Telematic.csproj", "{54AAEF6A-516E-44D2-A066-F2B2B7922036}"
EndProject
Project("{FAE04EC0-301F-11D3-BF4B-00C04F79EFBC}") = "Simplic.OxS.SDK.Vehicle", "Simplic.OxS.SDK.Vehicle\Simplic.OxS.SDK.Vehicle.csproj", "{82174008-FC1E-48D8-B892-BAD4D634B35E}"
EndProject
Project("{FAE04EC0-301F-11D3-BF4B-00C04F79EFBC}") = "Simplic.OxS.SDK.Vehicle.Temperature", "Simplic.OxS.SDK.Vehicle.Temperature\Simplic.OxS.SDK.Vehicle.Temperature.csproj", "{D58547DC-7AFF-4833-BE78-BB84AE787AB0}"
EndProject
Global
	GlobalSection(SolutionConfigurationPlatforms) = preSolution
		Debug|Any CPU = Debug|Any CPU
		Release|Any CPU = Release|Any CPU
	EndGlobalSection
	GlobalSection(SolutionProperties) = preSolution
		HideSolutionNode = FALSE
	EndGlobalSection
	GlobalSection(ProjectConfigurationPlatforms) = postSolution
		{BA917D2D-678A-4121-984A-0BAB49EF5D99}.Debug|Any CPU.ActiveCfg = Debug|Any CPU
		{BA917D2D-678A-4121-984A-0BAB49EF5D99}.Debug|Any CPU.Build.0 = Debug|Any CPU
		{BA917D2D-678A-4121-984A-0BAB49EF5D99}.Release|Any CPU.ActiveCfg = Release|Any CPU
		{BA917D2D-678A-4121-984A-0BAB49EF5D99}.Release|Any CPU.Build.0 = Release|Any CPU
		{ED8C2F3B-7632-4D33-9319-25955B54F5D6}.Debug|Any CPU.ActiveCfg = Debug|Any CPU
		{ED8C2F3B-7632-4D33-9319-25955B54F5D6}.Debug|Any CPU.Build.0 = Debug|Any CPU
		{ED8C2F3B-7632-4D33-9319-25955B54F5D6}.Release|Any CPU.ActiveCfg = Release|Any CPU
		{ED8C2F3B-7632-4D33-9319-25955B54F5D6}.Release|Any CPU.Build.0 = Release|Any CPU
		{75FA3913-64E2-4D64-B265-CB9AA255D3FC}.Debug|Any CPU.ActiveCfg = Debug|Any CPU
		{75FA3913-64E2-4D64-B265-CB9AA255D3FC}.Debug|Any CPU.Build.0 = Debug|Any CPU
		{75FA3913-64E2-4D64-B265-CB9AA255D3FC}.Release|Any CPU.ActiveCfg = Release|Any CPU
		{75FA3913-64E2-4D64-B265-CB9AA255D3FC}.Release|Any CPU.Build.0 = Release|Any CPU
		{8AA253B6-2787-41AC-93E0-886250AE39DD}.Debug|Any CPU.ActiveCfg = Debug|Any CPU
		{8AA253B6-2787-41AC-93E0-886250AE39DD}.Debug|Any CPU.Build.0 = Debug|Any CPU
		{8AA253B6-2787-41AC-93E0-886250AE39DD}.Release|Any CPU.ActiveCfg = Release|Any CPU
		{8AA253B6-2787-41AC-93E0-886250AE39DD}.Release|Any CPU.Build.0 = Release|Any CPU
		{20AE6791-C418-4A4B-9158-CB823FA8C76A}.Debug|Any CPU.ActiveCfg = Debug|Any CPU
		{20AE6791-C418-4A4B-9158-CB823FA8C76A}.Debug|Any CPU.Build.0 = Debug|Any CPU
		{20AE6791-C418-4A4B-9158-CB823FA8C76A}.Release|Any CPU.ActiveCfg = Release|Any CPU
		{20AE6791-C418-4A4B-9158-CB823FA8C76A}.Release|Any CPU.Build.0 = Release|Any CPU
		{7F3F4029-A025-4FD3-8A11-1328D69FC3A1}.Debug|Any CPU.ActiveCfg = Debug|Any CPU
		{7F3F4029-A025-4FD3-8A11-1328D69FC3A1}.Debug|Any CPU.Build.0 = Debug|Any CPU
		{7F3F4029-A025-4FD3-8A11-1328D69FC3A1}.Release|Any CPU.ActiveCfg = Release|Any CPU
		{7F3F4029-A025-4FD3-8A11-1328D69FC3A1}.Release|Any CPU.Build.0 = Release|Any CPU
		{6F55A50B-EAA1-49C9-BCD0-DD651E9413C1}.Debug|Any CPU.ActiveCfg = Debug|Any CPU
		{6F55A50B-EAA1-49C9-BCD0-DD651E9413C1}.Debug|Any CPU.Build.0 = Debug|Any CPU
		{6F55A50B-EAA1-49C9-BCD0-DD651E9413C1}.Release|Any CPU.ActiveCfg = Release|Any CPU
		{6F55A50B-EAA1-49C9-BCD0-DD651E9413C1}.Release|Any CPU.Build.0 = Release|Any CPU
		{4BC7BBF3-6D18-4FF9-9656-D166245AD008}.Debug|Any CPU.ActiveCfg = Debug|Any CPU
		{4BC7BBF3-6D18-4FF9-9656-D166245AD008}.Debug|Any CPU.Build.0 = Debug|Any CPU
		{4BC7BBF3-6D18-4FF9-9656-D166245AD008}.Release|Any CPU.ActiveCfg = Release|Any CPU
		{4BC7BBF3-6D18-4FF9-9656-D166245AD008}.Release|Any CPU.Build.0 = Release|Any CPU
		{B97D802C-7EF3-404C-8BB0-F346BEBBD68B}.Debug|Any CPU.ActiveCfg = Debug|Any CPU
		{B97D802C-7EF3-404C-8BB0-F346BEBBD68B}.Debug|Any CPU.Build.0 = Debug|Any CPU
		{B97D802C-7EF3-404C-8BB0-F346BEBBD68B}.Release|Any CPU.ActiveCfg = Release|Any CPU
		{B97D802C-7EF3-404C-8BB0-F346BEBBD68B}.Release|Any CPU.Build.0 = Release|Any CPU
		{85C98436-DC57-4B1D-9171-5EC894162795}.Debug|Any CPU.ActiveCfg = Debug|Any CPU
		{85C98436-DC57-4B1D-9171-5EC894162795}.Debug|Any CPU.Build.0 = Debug|Any CPU
		{85C98436-DC57-4B1D-9171-5EC894162795}.Release|Any CPU.ActiveCfg = Release|Any CPU
		{85C98436-DC57-4B1D-9171-5EC894162795}.Release|Any CPU.Build.0 = Release|Any CPU
		{8452146C-E11F-496C-B961-48FBE166C72A}.Debug|Any CPU.ActiveCfg = Debug|Any CPU
		{8452146C-E11F-496C-B961-48FBE166C72A}.Debug|Any CPU.Build.0 = Debug|Any CPU
		{8452146C-E11F-496C-B961-48FBE166C72A}.Release|Any CPU.ActiveCfg = Release|Any CPU
		{8452146C-E11F-496C-B961-48FBE166C72A}.Release|Any CPU.Build.0 = Release|Any CPU
		{EE872501-B0E9-4061-971B-2926603CC19F}.Debug|Any CPU.ActiveCfg = Debug|Any CPU
		{EE872501-B0E9-4061-971B-2926603CC19F}.Debug|Any CPU.Build.0 = Debug|Any CPU
		{EE872501-B0E9-4061-971B-2926603CC19F}.Release|Any CPU.ActiveCfg = Release|Any CPU
		{EE872501-B0E9-4061-971B-2926603CC19F}.Release|Any CPU.Build.0 = Release|Any CPU
		{D215FEE0-B305-4996-AC0A-4D7984FD0424}.Debug|Any CPU.ActiveCfg = Debug|Any CPU
		{D215FEE0-B305-4996-AC0A-4D7984FD0424}.Debug|Any CPU.Build.0 = Debug|Any CPU
		{D215FEE0-B305-4996-AC0A-4D7984FD0424}.Release|Any CPU.ActiveCfg = Release|Any CPU
		{D215FEE0-B305-4996-AC0A-4D7984FD0424}.Release|Any CPU.Build.0 = Release|Any CPU
		{67BEE019-2E8B-4C7B-B3F1-4A3431664BAC}.Debug|Any CPU.ActiveCfg = Debug|Any CPU
		{67BEE019-2E8B-4C7B-B3F1-4A3431664BAC}.Debug|Any CPU.Build.0 = Debug|Any CPU
		{67BEE019-2E8B-4C7B-B3F1-4A3431664BAC}.Release|Any CPU.ActiveCfg = Release|Any CPU
		{67BEE019-2E8B-4C7B-B3F1-4A3431664BAC}.Release|Any CPU.Build.0 = Release|Any CPU
		{0CEBC372-F3B5-4212-B323-9620FBD378C3}.Debug|Any CPU.ActiveCfg = Debug|Any CPU
		{0CEBC372-F3B5-4212-B323-9620FBD378C3}.Debug|Any CPU.Build.0 = Debug|Any CPU
		{0CEBC372-F3B5-4212-B323-9620FBD378C3}.Release|Any CPU.ActiveCfg = Release|Any CPU
		{0CEBC372-F3B5-4212-B323-9620FBD378C3}.Release|Any CPU.Build.0 = Release|Any CPU
		{54AAEF6A-516E-44D2-A066-F2B2B7922036}.Debug|Any CPU.ActiveCfg = Debug|Any CPU
		{54AAEF6A-516E-44D2-A066-F2B2B7922036}.Debug|Any CPU.Build.0 = Debug|Any CPU
		{54AAEF6A-516E-44D2-A066-F2B2B7922036}.Release|Any CPU.ActiveCfg = Release|Any CPU
		{54AAEF6A-516E-44D2-A066-F2B2B7922036}.Release|Any CPU.Build.0 = Release|Any CPU
		{82174008-FC1E-48D8-B892-BAD4D634B35E}.Debug|Any CPU.ActiveCfg = Debug|Any CPU
		{82174008-FC1E-48D8-B892-BAD4D634B35E}.Debug|Any CPU.Build.0 = Debug|Any CPU
		{82174008-FC1E-48D8-B892-BAD4D634B35E}.Release|Any CPU.ActiveCfg = Release|Any CPU
		{82174008-FC1E-48D8-B892-BAD4D634B35E}.Release|Any CPU.Build.0 = Release|Any CPU
		{D58547DC-7AFF-4833-BE78-BB84AE787AB0}.Debug|Any CPU.ActiveCfg = Debug|Any CPU
		{D58547DC-7AFF-4833-BE78-BB84AE787AB0}.Debug|Any CPU.Build.0 = Debug|Any CPU
		{D58547DC-7AFF-4833-BE78-BB84AE787AB0}.Release|Any CPU.ActiveCfg = Release|Any CPU
		{D58547DC-7AFF-4833-BE78-BB84AE787AB0}.Release|Any CPU.Build.0 = Release|Any CPU
	EndGlobalSection
EndGlobal
